Microsoft Visual Studio Solution File, Format Version 7.00
Project("{8BC9CEB8-8B4A-11D0-8D11-00A0C91BC942}") = "Subspace LVZ Deconstructor", "Subspace LVZ Deconstructor.vcproj", "{0847428F-D2F1-4F53-A811-7524D26F96EB}"
EndProject
Global
	GlobalSection(SolutionConfiguration) = preSolution
		ConfigName.0 = Debug
		ConfigName.1 = Release
	EndGlobalSection
	GlobalSection(ProjectDependencies) = postSolution
	EndGlobalSection
	GlobalSection(ProjectConfiguration) = postSolution
		{0847428F-D2F1-4F53-A811-7524D26F96EB}.Debug.ActiveCfg = Debug|Win32
		{0847428F-D2F1-4F53-A811-7524D26F96EB}.Debug.Build.0 = Debug|Win32
		{0847428F-D2F1-4F53-A811-7524D26F96EB}.Release.ActiveCfg = Release|Win32
		{0847428F-D2F1-4F53-A811-7524D26F96EB}.Release.Build.0 = Release|Win32
	EndGlobalSection
	GlobalSection(ExtensibilityGlobals) = postSolution
	EndGlobalSection
	GlobalSection(ExtensibilityAddIns) = postSolution
	EndGlobalSection
EndGlobal
